// !$*UTF8*$!
{
	archiveVersion = 1;
	classes = {
	};
	objectVersion = 56;
	objects = {

/* Begin PBXBuildFile section */
		731895BA2C1FF14E00B595B6 /* NoteSwiftDataApp.swift in Sources */ = {isa = PBXBuildFile; fileRef = 731895B92C1FF14E00B595B6 /* NoteSwiftDataApp.swift */; };
		731895BC2C1FF14E00B595B6 /* ContentView.swift in Sources */ = {isa = PBXBuildFile; fileRef = 731895BB2C1FF14E00B595B6 /* ContentView.swift */; };
		731895BE2C1FF15000B595B6 /* Assets.xcassets in Resources */ = {isa = PBXBuildFile; fileRef = 731895BD2C1FF15000B595B6 /* Assets.xcassets */; };
		731895C22C1FF15000B595B6 /* Preview Assets.xcassets in Resources */ = {isa = PBXBuildFile; fileRef = 731895C12C1FF15000B595B6 /* Preview Assets.xcassets */; };
		731895CA2C1FF27000B595B6 /* Note.swift in Sources */ = {isa = PBXBuildFile; fileRef = 731895C92C1FF27000B595B6 /* Note.swift */; };
		731895CD2C1FF34100B595B6 /* Tag.swift in Sources */ = {isa = PBXBuildFile; fileRef = 731895CC2C1FF34100B595B6 /* Tag.swift */; };
		731895D02C1FF5C700B595B6 /* NoteListView.swift in Sources */ = {isa = PBXBuildFile; fileRef = 731895CF2C1FF5C700B595B6 /* NoteListView.swift */; };
		731895D22C1FFEFE00B595B6 /* TagListView.swift in Sources */ = {isa = PBXBuildFile; fileRef = 731895D12C1FFEFE00B595B6 /* TagListView.swift */; };
		731895D42C2038F800B595B6 /* Filters.swift in Sources */ = {isa = PBXBuildFile; fileRef = 731895D32C2038F800B595B6 /* Filters.swift */; };
/* End PBXBuildFile section */

/* Begin PBXFileReference section */
		731895B62C1FF14E00B595B6 /* NoteSwiftData.app */ = {isa = PBXFileReference; explicitFileType = wrapper.application; includeInIndex = 0; path = NoteSwiftData.app; sourceTree = BUILT_PRODUCTS_DIR; };
		731895B92C1FF14E00B595B6 /* NoteSwiftDataApp.swift */ = {isa = PBXFileReference; lastKnownFileType = sourcecode.swift; path = NoteSwiftDataApp.swift; sourceTree = "<group>"; };
		731895BB2C1FF14E00B595B6 /* ContentView.swift */ = {isa = PBXFileReference; lastKnownFileType = sourcecode.swift; path = ContentView.swift; sourceTree = "<group>"; };
		731895BD2C1FF15000B595B6 /* Assets.xcassets */ = {isa = PBXFileReference; lastKnownFileType = folder.assetcatalog; path = Assets.xcassets; sourceTree = "<group>"; };
		731895BF2C1FF15000B595B6 /* NoteSwiftData.entitlements */ = {isa = PBXFileReference; lastKnownFileType = text.plist.entitlements; path = NoteSwiftData.entitlements; sourceTree = "<group>"; };
		731895C12C1FF15000B595B6 /* Preview Assets.xcassets */ = {isa = PBXFileReference; lastKnownFileType = folder.assetcatalog; path = "Preview Assets.xcassets"; sourceTree = "<group>"; };
		731895C92C1FF27000B595B6 /* Note.swift */ = {isa = PBXFileReference; lastKnownFileType = sourcecode.swift; path = Note.swift; sourceTree = "<group>"; };
		731895CC2C1FF34100B595B6 /* Tag.swift */ = {isa = PBXFileReference; lastKnownFileType = sourcecode.swift; path = Tag.swift; sourceTree = "<group>"; };
		731895CF2C1FF5C700B595B6 /* NoteListView.swift */ = {isa = PBXFileReference; lastKnownFileType = sourcecode.swift; path = NoteListView.swift; sourceTree = "<group>"; };
		731895D12C1FFEFE00B595B6 /* TagListView.swift */ = {isa = PBXFileReference; lastKnownFileType = sourcecode.swift; path = TagListView.swift; sourceTree = "<group>"; };
		731895D32C2038F800B595B6 /* Filters.swift */ = {isa = PBXFileReference; lastKnownFileType = sourcecode.swift; path = Filters.swift; sourceTree = "<group>"; };
/* End PBXFileReference section */

/* Begin PBXFrameworksBuildPhase section */
		731895B32C1FF14E00B595B6 /* Frameworks */ = {
			isa = PBXFrameworksBuildPhase;
			buildActionMask = 2147483647;
			files = (
			);
			runOnlyForDeploymentPostprocessing = 0;
		};
/* End PBXFrameworksBuildPhase section */

/* Begin PBXGroup section */
		731895AD2C1FF14E00B595B6 = {
			isa = PBXGroup;
			children = (
				731895B82C1FF14E00B595B6 /* NoteSwiftData */,
				731895B72C1FF14E00B595B6 /* Products */,
			);
			sourceTree = "<group>";
		};
		731895B72C1FF14E00B595B6 /* Products */ = {
			isa = PBXGroup;
			children = (
				731895B62C1FF14E00B595B6 /* NoteSwiftData.app */,
			);
			name = Products;
			sourceTree = "<group>";
		};
		731895B82C1FF14E00B595B6 /* NoteSwiftData */ = {
			isa = PBXGroup;
			children = (
				731895CE2C1FF59900B595B6 /* Views */,
				731895C82C1FF23F00B595B6 /* Models */,
				731895B92C1FF14E00B595B6 /* NoteSwiftDataApp.swift */,
				731895BB2C1FF14E00B595B6 /* ContentView.swift */,
				731895BD2C1FF15000B595B6 /* Assets.xcassets */,
				731895BF2C1FF15000B595B6 /* NoteSwiftData.entitlements */,
				731895C02C1FF15000B595B6 /* Preview Content */,
			);
			path = NoteSwiftData;
			sourceTree = "<group>";
		};
		731895C02C1FF15000B595B6 /* Preview Content */ = {
			isa = PBXGroup;
			children = (
				731895C12C1FF15000B595B6 /* Preview Assets.xcassets */,
			);
			path = "Preview Content";
			sourceTree = "<group>";
		};
		731895C82C1FF23F00B595B6 /* Models */ = {
			isa = PBXGroup;
			children = (
				731895C92C1FF27000B595B6 /* Note.swift */,
				731895CC2C1FF34100B595B6 /* Tag.swift */,
				731895D32C2038F800B595B6 /* Filters.swift */,
			);
			path = Models;
			sourceTree = "<group>";
		};
		731895CE2C1FF59900B595B6 /* Views */ = {
			isa = PBXGroup;
			children = (
				731895CF2C1FF5C700B595B6 /* NoteListView.swift */,
				731895D12C1FFEFE00B595B6 /* TagListView.swift */,
			);
			path = Views;
			sourceTree = "<group>";
		};
/* End PBXGroup section */

/* Begin PBXNativeTarget section */
		731895B52C1FF14E00B595B6 /* NoteSwiftData */ = {
			isa = PBXNativeTarget;
			buildConfigurationList = 731895C52C1FF15000B595B6 /* Build configuration list for PBXNativeTarget "NoteSwiftData" */;
			buildPhases = (
				731895B22C1FF14E00B595B6 /* Sources */,
				731895B32C1FF14E00B595B6 /* Frameworks */,
				731895B42C1FF14E00B595B6 /* Resources */,
			);
			buildRules = (
			);
			dependencies = (
			);
			name = NoteSwiftData;
			productName = NoteSwiftData;
			productReference = 731895B62C1FF14E00B595B6 /* NoteSwiftData.app */;
			productType = "com.apple.product-type.application";
		};
/* End PBXNativeTarget section */

/* Begin PBXProject section */
		731895AE2C1FF14E00B595B6 /* Project object */ = {
			isa = PBXProject;
			attributes = {
				BuildIndependentTargetsInParallel = 1;
				LastSwiftUpdateCheck = 1540;
				LastUpgradeCheck = 1540;
				TargetAttributes = {
					731895B52C1FF14E00B595B6 = {
						CreatedOnToolsVersion = 15.4;
					};
				};
			};
			buildConfigurationList = 731895B12C1FF14E00B595B6 /* Build configuration list for PBXProject "NoteSwiftData" */;
			compatibilityVersion = "Xcode 14.0";
			developmentRegion = en;
			hasScannedForEncodings = 0;
			knownRegions = (
				en,
				Base,
			);
			mainGroup = 731895AD2C1FF14E00B595B6;
			productRefGroup = 731895B72C1FF14E00B595B6 /* Products */;
			projectDirPath = "";
			projectRoot = "";
			targets = (
				731895B52C1FF14E00B595B6 /* NoteSwiftData */,
			);
		};
/* End PBXProject section */

/* Begin PBXResourcesBuildPhase section */
		731895B42C1FF14E00B595B6 /* Resources */ = {
			isa = PBXResourcesBuildPhase;
			buildActionMask = 2147483647;
			files = (
				731895C22C1FF15000B595B6 /* Preview Assets.xcassets in Resources */,
				731895BE2C1FF15000B595B6 /* Assets.xcassets in Resources */,
			);
			runOnlyForDeploymentPostprocessing = 0;
		};
/* End PBXResourcesBuildPhase section */

/* Begin PBXSourcesBuildPhase section */
		731895B22C1FF14E00B595B6 /* Sources */ = {
			isa = PBXSourcesBuildPhase;
			buildActionMask = 2147483647;
			files = (
				731895D42C2038F800B595B6 /* Filters.swift in Sources */,
				731895CD2C1FF34100B595B6 /* Tag.swift in Sources */,
				731895D22C1FFEFE00B595B6 /* TagListView.swift in Sources */,
				731895BC2C1FF14E00B595B6 /* ContentView.swift in Sources */,
				731895D02C1FF5C700B595B6 /* NoteListView.swift in Sources */,
				731895BA2C1FF14E00B595B6 /* NoteSwiftDataApp.swift in Sources */,
				731895CA2C1FF27000B595B6 /* Note.swift in Sources */,
			);
			runOnlyForDeploymentPostprocessing = 0;
		};
/* End PBXSourcesBuildPhase section */

/* Begin XCBuildConfiguration section */
		731895C32C1FF15000B595B6 /* Debug */ = {
			isa = XCBuildConfiguration;
			buildSettings = {
				ALWAYS_SEARCH_USER_PATHS = NO;
				ASSETCATALOG_COMPILER_GENERATE_SWIFT_ASSET_SYMBOL_EXTENSIONS = YES;
				CLANG_ANALYZER_NONNULL = YES;
				CLANG_ANALYZER_NUMBER_OBJECT_CONVERSION = YES_AGGRESSIVE;
				CLANG_CXX_LANGUAGE_STANDARD = "gnu++20";
				CLANG_ENABLE_MODULES = YES;
				CLANG_ENABLE_OBJC_ARC = YES;
				CLANG_ENABLE_OBJC_WEAK = YES;
				CLANG_WARN_BLOCK_CAPTURE_AUTORELEASING = YES;
				CLANG_WARN_BOOL_CONVERSION = YES;
				CLANG_WARN_COMMA = YES;
				CLANG_WARN_CONSTANT_CONVERSION = YES;
				CLANG_WARN_DEPRECATED_OBJC_IMPLEMENTATIONS = YES;
				CLANG_WARN_DIRECT_OBJC_ISA_USAGE = YES_ERROR;
				CLANG_WARN_DOCUMENTATION_COMMENTS = YES;
				CLANG_WARN_EMPTY_BODY = YES;
				CLANG_WARN_ENUM_CONVERSION = YES;
				CLANG_WARN_INFINITE_RECURSION = YES;
				CLANG_WARN_INT_CONVERSION = YES;
				CLANG_WARN_NON_LITERAL_NULL_CONVERSION = YES;
				CLANG_WARN_OBJC_IMPLICIT_RETAIN_SELF = YES;
				CLANG_WARN_OBJC_LITERAL_CONVERSION = YES;
				CLANG_WARN_OBJC_ROOT_CLASS = YES_ERROR;
				CLANG_WARN_QUOTED_INCLUDE_IN_FRAMEWORK_HEADER = YES;
				CLANG_WARN_RANGE_LOOP_ANALYSIS = YES;
				CLANG_WARN_STRICT_PROTOTYPES = YES;
				CLANG_WARN_SUSPICIOUS_MOVE = YES;
				CLANG_WARN_UNGUARDED_AVAILABILITY = YES_AGGRESSIVE;
				CLANG_WARN_UNREACHABLE_CODE = YES;
				CLANG_WARN__DUPLICATE_METHOD_MATCH = YES;
				COPY_PHASE_STRIP = NO;
				DEBUG_INFORMATION_FORMAT = dwarf;
				ENABLE_STRICT_OBJC_MSGSEND = YES;
				ENABLE_TESTABILITY = YES;
				ENABLE_USER_SCRIPT_SANDBOXING = YES;
				GCC_C_LANGUAGE_STANDARD = gnu17;
				GCC_DYNAMIC_NO_PIC = NO;
				GCC_NO_COMMON_BLOCKS = YES;
				GCC_OPTIMIZATION_LEVEL = 0;
				GCC_PREPROCESSOR_DEFINITIONS = (
					"DEBUG=1",
					"$(inherited)",
				);
				GCC_WARN_64_TO_32_BIT_CONVERSION = YES;
				GCC_WARN_ABOUT_RETURN_TYPE = YES_ERROR;
				GCC_WARN_UNDECLARED_SELECTOR = YES;
				GCC_WARN_UNINITIALIZED_AUTOS = YES_AGGRESSIVE;
				GCC_WARN_UNUSED_FUNCTION = YES;
				GCC_WARN_UNUSED_VARIABLE = YES;
				LOCALIZATION_PREFERS_STRING_CATALOGS = YES;
				MTL_ENABLE_DEBUG_INFO = INCLUDE_SOURCE;
				MTL_FAST_MATH = YES;
				ONLY_ACTIVE_ARCH = YES;
				SWIFT_ACTIVE_COMPILATION_CONDITIONS = "DEBUG $(inherited)";
				SWIFT_OPTIMIZATION_LEVEL = "-Onone";
			};
			name = Debug;
		};
		731895C42C1FF15000B595B6 /* Release */ = {
			isa = XCBuildConfiguration;
			buildSettings = {
				ALWAYS_SEARCH_USER_PATHS = NO;
				ASSETCATALOG_COMPILER_GENERATE_SWIFT_ASSET_SYMBOL_EXTENSIONS = YES;
				CLANG_ANALYZER_NONNULL = YES;
				CLANG_ANALYZER_NUMBER_OBJECT_CONVERSION = YES_AGGRESSIVE;
				CLANG_CXX_LANGUAGE_STANDARD = "gnu++20";
				CLANG_ENABLE_MODULES = YES;
				CLANG_ENABLE_OBJC_ARC = YES;
				CLANG_ENABLE_OBJC_WEAK = YES;
				CLANG_WARN_BLOCK_CAPTURE_AUTORELEASING = YES;
				CLANG_WARN_BOOL_CONVERSION = YES;
				CLANG_WARN_COMMA = YES;
				CLANG_WARN_CONSTANT_CONVERSION = YES;
				CLANG_WARN_DEPRECATED_OBJC_IMPLEMENTATIONS = YES;
				CLANG_WARN_DIRECT_OBJC_ISA_USAGE = YES_ERROR;
				CLANG_WARN_DOCUMENTATION_COMMENTS = YES;
				CLANG_WARN_EMPTY_BODY = YES;
				CLANG_WARN_ENUM_CONVERSION = YES;
				CLANG_WARN_INFINITE_RECURSION = YES;
				CLANG_WARN_INT_CONVERSION = YES;
				CLANG_WARN_NON_LITERAL_NULL_CONVERSION = YES;
				CLANG_WARN_OBJC_IMPLICIT_RETAIN_SELF = YES;
				CLANG_WARN_OBJC_LITERAL_CONVERSION = YES;
				CLANG_WARN_OBJC_ROOT_CLASS = YES_ERROR;
				CLANG_WARN_QUOTED_INCLUDE_IN_FRAMEWORK_HEADER = YES;
				CLANG_WARN_RANGE_LOOP_ANALYSIS = YES;
				CLANG_WARN_STRICT_PROTOTYPES = YES;
				CLANG_WARN_SUSPICIOUS_MOVE = YES;
				CLANG_WARN_UNGUARDED_AVAILABILITY = YES_AGGRESSIVE;
				CLANG_WARN_UNREACHABLE_CODE = YES;
				CLANG_WARN__DUPLICATE_METHOD_MATCH = YES;
				COPY_PHASE_STRIP = NO;
				DEBUG_INFORMATION_FORMAT = "dwarf-with-dsym";
				ENABLE_NS_ASSERTIONS = NO;
				ENABLE_STRICT_OBJC_MSGSEND = YES;
				ENABLE_USER_SCRIPT_SANDBOXING = YES;
				GCC_C_LANGUAGE_STANDARD = gnu17;
				GCC_NO_COMMON_BLOCKS = YES;
				GCC_WARN_64_TO_32_BIT_CONVERSION = YES;
				GCC_WARN_ABOUT_RETURN_TYPE = YES_ERROR;
				GCC_WARN_UNDECLARED_SELECTOR = YES;
				GCC_WARN_UNINITIALIZED_AUTOS = YES_AGGRESSIVE;
				GCC_WARN_UNUSED_FUNCTION = YES;
				GCC_WARN_UNUSED_VARIABLE = YES;
				LOCALIZATION_PREFERS_STRING_CATALOGS = YES;
				MTL_ENABLE_DEBUG_INFO = NO;
				MTL_FAST_MATH = YES;
				SWIFT_COMPILATION_MODE = wholemodule;
			};
			name = Release;
		};
		731895C62C1FF15000B595B6 /* Debug */ = {
			isa = XCBuildConfiguration;
			buildSettings = {
				ASSETCATALOG_COMPILER_APPICON_NAME = AppIcon;
				ASSETCATALOG_COMPILER_GLOBAL_ACCENT_COLOR_NAME = AccentColor;
				CODE_SIGN_ENTITLEMENTS = NoteSwiftData/NoteSwiftData.entitlements;
				CODE_SIGN_STYLE = Automatic;
				CURRENT_PROJECT_VERSION = 1;
				DEVELOPMENT_ASSET_PATHS = "\"NoteSwiftData/Preview Content\"";
				DEVELOPMENT_TEAM = GAS8D7M2ZU;
				ENABLE_HARDENED_RUNTIME = YES;
				ENABLE_PREVIEWS = YES;
				GENERATE_INFOPLIST_FILE = YES;
				"INFOPLIST_KEY_UIApplicationSceneManifest_Generation[sdk=iphoneos*]" = YES;
				"INFOPLIST_KEY_UIApplicationSceneManifest_Generation[sdk=iphonesimulator*]" = YES;
				"INFOPLIST_KEY_UIApplicationSupportsIndirectInputEvents[sdk=iphoneos*]" = YES;
				"INFOPLIST_KEY_UIApplicationSupportsIndirectInputEvents[sdk=iphonesimulator*]" = YES;
				"INFOPLIST_KEY_UILaunchScreen_Generation[sdk=iphoneos*]" = YES;
				"INFOPLIST_KEY_UILaunchScreen_Generation[sdk=iphonesimulator*]" = YES;
				"INFOPLIST_KEY_UIStatusBarStyle[sdk=iphoneos*]" = UIStatusBarStyleDefault;
				"INFOPLIST_KEY_UIStatusBarStyle[sdk=iphonesimulator*]" = UIStatusBarStyleDefault;
				INFOPLIST_KEY_UISupportedInterfaceOrientations_iPad = "UIInterfaceOrientationPortrait UIInterfaceOrientationPortraitUpsideDown UIInterfaceOrientationLandscapeLeft UIInterfaceOrientationLandscapeRight";
				INFOPLIST_KEY_UISupportedInterfaceOrientations_iPhone = "UIInterfaceOrientationPortrait UIInterfaceOrientationLandscapeLeft UIInterfaceOrientationLandscapeRight";
				IPHONEOS_DEPLOYMENT_TARGET = 17.5;
				LD_RUNPATH_SEARCH_PATHS = "@executable_path/Frameworks";
				"LD_RUNPATH_SEARCH_PATHS[sdk=macosx*]" = "@executable_path/../Frameworks";
				MACOSX_DEPLOYMENT_TARGET = 14.5;
				MARKETING_VERSION = 1.0;
				PRODUCT_BUNDLE_IDENTIFIER = com.google.NoteSwiftData;
				PRODUCT_NAME = "$(TARGET_NAME)";
				SDKROOT = auto;
				SUPPORTED_PLATFORMS = "iphoneos iphonesimulator macosx";
				SWIFT_EMIT_LOC_STRINGS = YES;
				SWIFT_VERSION = 5.0;
				TARGETED_DEVICE_FAMILY = "1,2";
			};
			name = Debug;
		};
		731895C72C1FF15000B595B6 /* Release */ = {
			isa = XCBuildConfiguration;
			buildSettings = {
				ASSETCATALOG_COMPILER_APPICON_NAME = AppIcon;
				ASSETCATALOG_COMPILER_GLOBAL_ACCENT_COLOR_NAME = AccentColor;
				CODE_SIGN_ENTITLEMENTS = NoteSwiftData/NoteSwiftData.entitlements;
				CODE_SIGN_STYLE = Automatic;
				CURRENT_PROJECT_VERSION = 1;
				DEVELOPMENT_ASSET_PATHS = "\"NoteSwiftData/Preview Content\"";
				DEVELOPMENT_TEAM = GAS8D7M2ZU;
				ENABLE_HARDENED_RUNTIME = YES;
				ENABLE_PREVIEWS = YES;
				GENERATE_INFOPLIST_FILE = YES;
				"INFOPLIST_KEY_UIApplicationSceneManifest_Generation[sdk=iphoneos*]" = YES;
				"INFOPLIST_KEY_UIApplicationSceneManifest_Generation[sdk=iphonesimulator*]" = YES;
				"INFOPLIST_KEY_UIApplicationSupportsIndirectInputEvents[sdk=iphoneos*]" = YES;
				"INFOPLIST_KEY_UIApplicationSupportsIndirectInputEvents[sdk=iphonesimulator*]" = YES;
				"INFOPLIST_KEY_UILaunchScreen_Generation[sdk=iphoneos*]" = YES;
				"INFOPLIST_KEY_UILaunchScreen_Generation[sdk=iphonesimulator*]" = YES;
				"INFOPLIST_KEY_UIStatusBarStyle[sdk=iphoneos*]" = UIStatusBarStyleDefault;
				"INFOPLIST_KEY_UIStatusBarStyle[sdk=iphonesimulator*]" = UIStatusBarStyleDefault;
				INFOPLIST_KEY_UISupportedInterfaceOrientations_iPad = "UIInterfaceOrientationPortrait UIInterfaceOrientationPortraitUpsideDown UIInterfaceOrientationLandscapeLeft UIInterfaceOrientationLandscapeRight";
				INFOPLIST_KEY_UISupportedInterfaceOrientations_iPhone = "UIInterfaceOrientationPortrait UIInterfaceOrientationLandscapeLeft UIInterfaceOrientationLandscapeRight";
				IPHONEOS_DEPLOYMENT_TARGET = 17.5;
				LD_RUNPATH_SEARCH_PATHS = "@executable_path/Frameworks";
				"LD_RUNPATH_SEARCH_PATHS[sdk=macosx*]" = "@executable_path/../Frameworks";
				MACOSX_DEPLOYMENT_TARGET = 14.5;
				MARKETING_VERSION = 1.0;
				PRODUCT_BUNDLE_IDENTIFIER = com.google.NoteSwiftData;
				PRODUCT_NAME = "$(TARGET_NAME)";
				SDKROOT = auto;
				SUPPORTED_PLATFORMS = "iphoneos iphonesimulator macosx";
				SWIFT_EMIT_LOC_STRINGS = YES;
				SWIFT_VERSION = 5.0;
				TARGETED_DEVICE_FAMILY = "1,2";
			};
			name = Release;
		};
/* End XCBuildConfiguration section */

/* Begin XCConfigurationList section */
		731895B12C1FF14E00B595B6 /* Build configuration list for PBXProject "NoteSwiftData" */ = {
			isa = XCConfigurationList;
			buildConfigurations = (
				731895C32C1FF15000B595B6 /* Debug */,
				731895C42C1FF15000B595B6 /* Release */,
			);
			defaultConfigurationIsVisible = 0;
			defaultConfigurationName = Release;
		};
		731895C52C1FF15000B595B6 /* Build configuration list for PBXNativeTarget "NoteSwiftData" */ = {
			isa = XCConfigurationList;
			buildConfigurations = (
				731895C62C1FF15000B595B6 /* Debug */,
				731895C72C1FF15000B595B6 /* Release */,
			);
			defaultConfigurationIsVisible = 0;
			defaultConfigurationName = Release;
		};
/* End XCConfigurationList section */
	};
	rootObject = 731895AE2C1FF14E00B595B6 /* Project object */;
}
